
Microsoft Visual Studio Solution File, Format Version 12.00
Project("{FAE04EC0-301F-11D3-BF4B-00C04F79EFBC}") = "Waifu.NET", "src\Waifu.NET\Waifu.NET.csproj", "{3E558FE9-5F93-4348-9B6F-4ECFD918C216}"
EndProject
Global
	GlobalSection(SolutionConfigurationPlatforms) = preSolution
		Debug|Any CPU = Debug|Any CPU
		Release|Any CPU = Release|Any CPU
	EndGlobalSection
	GlobalSection(ProjectConfigurationPlatforms) = postSolution
		{3E558FE9-5F93-4348-9B6F-4ECFD918C216}.Debug|Any CPU.ActiveCfg = Debug|Any CPU
		{3E558FE9-5F93-4348-9B6F-4ECFD918C216}.Debug|Any CPU.Build.0 = Debug|Any CPU
		{3E558FE9-5F93-4348-9B6F-4ECFD918C216}.Release|Any CPU.ActiveCfg = Release|Any CPU
		{3E558FE9-5F93-4348-9B6F-4ECFD918C216}.Release|Any CPU.Build.0 = Release|Any CPU
	EndGlobalSection
EndGlobal
